<?xml version="1.0" encoding="UTF-8" standalone="yes" ?>
<CodeBlocks_project_file>
	<FileVersion major="1" minor="6" />
	<Project>
		<Option title="Wlang" />
		<Option pch_mode="2" />
		<Option compiler="gcc" />
		<Build>
			<Target title="Debug">
				<Option output="bin/Debug/Wlang" prefix_auto="1" extension_auto="1" />
				<Option object_output="obj/Debug/" />
				<Option type="1" />
				<Option compiler="gcc" />
				<Compiler>
					<Add option="-g" />
				</Compiler>
			</Target>
			<Target title="Release">
				<Option output="bin/Release/Wlang" prefix_auto="1" extension_auto="1" />
				<Option object_output="obj/Release/" />
				<Option type="1" />
				<Option compiler="gcc" />
				<Compiler>
					<Add option="-O2" />
				</Compiler>
				<Linker>
					<Add option="-s" />
				</Linker>
			</Target>
		</Build>
		<Compiler>
			<Add option="-Wall" />
			<Add option="-fexceptions" />
		</Compiler>
		<Unit filename="codegen.cpp" />
		<Unit filename="codegen.h" />
		<Unit filename="common.h" />
		<Unit filename="llvm/ADT/APFloat.h" />
		<Unit filename="llvm/ADT/APInt.h" />
		<Unit filename="llvm/ADT/APSInt.h" />
		<Unit filename="llvm/ADT/ArrayRef.h" />
		<Unit filename="llvm/ADT/BitVector.h" />
		<Unit filename="llvm/ADT/DAGDeltaAlgorithm.h" />
		<Unit filename="llvm/ADT/DeltaAlgorithm.h" />
		<Unit filename="llvm/ADT/DenseMap.h" />
		<Unit filename="llvm/ADT/DenseMapInfo.h" />
		<Unit filename="llvm/ADT/DenseSet.h" />
		<Unit filename="llvm/ADT/DepthFirstIterator.h" />
		<Unit filename="llvm/ADT/EquivalenceClasses.h" />
		<Unit filename="llvm/ADT/FoldingSet.h" />
		<Unit filename="llvm/ADT/GraphTraits.h" />
		<Unit filename="llvm/ADT/Hashing.h" />
		<Unit filename="llvm/ADT/ImmutableIntervalMap.h" />
		<Unit filename="llvm/ADT/ImmutableList.h" />
		<Unit filename="llvm/ADT/ImmutableMap.h" />
		<Unit filename="llvm/ADT/ImmutableSet.h" />
		<Unit filename="llvm/ADT/IndexedMap.h" />
		<Unit filename="llvm/ADT/IntEqClasses.h" />
		<Unit filename="llvm/ADT/IntervalMap.h" />
		<Unit filename="llvm/ADT/IntrusiveRefCntPtr.h" />
		<Unit filename="llvm/ADT/MapVector.h" />
		<Unit filename="llvm/ADT/None.h" />
		<Unit filename="llvm/ADT/Optional.h" />
		<Unit filename="llvm/ADT/OwningPtr.h" />
		<Unit filename="llvm/ADT/PackedVector.h" />
		<Unit filename="llvm/ADT/PointerIntPair.h" />
		<Unit filename="llvm/ADT/PointerUnion.h" />
		<Unit filename="llvm/ADT/PostOrderIterator.h" />
		<Unit filename="llvm/ADT/PriorityQueue.h" />
		<Unit filename="llvm/ADT/SCCIterator.h" />
		<Unit filename="llvm/ADT/STLExtras.h" />
		<Unit filename="llvm/ADT/ScopedHashTable.h" />
		<Unit filename="llvm/ADT/SetOperations.h" />
		<Unit filename="llvm/ADT/SetVector.h" />
		<Unit filename="llvm/ADT/SmallBitVector.h" />
		<Unit filename="llvm/ADT/SmallPtrSet.h" />
		<Unit filename="llvm/ADT/SmallSet.h" />
		<Unit filename="llvm/ADT/SmallString.h" />
		<Unit filename="llvm/ADT/SmallVector.h" />
		<Unit filename="llvm/ADT/SparseBitVector.h" />
		<Unit filename="llvm/ADT/SparseMultiSet.h" />
		<Unit filename="llvm/ADT/SparseSet.h" />
		<Unit filename="llvm/ADT/Statistic.h" />
		<Unit filename="llvm/ADT/StringExtras.h" />
		<Unit filename="llvm/ADT/StringMap.h" />
		<Unit filename="llvm/ADT/StringRef.h" />
		<Unit filename="llvm/ADT/StringSet.h" />
		<Unit filename="llvm/ADT/StringSwitch.h" />
		<Unit filename="llvm/ADT/TinyPtrVector.h" />
		<Unit filename="llvm/ADT/Triple.h" />
		<Unit filename="llvm/ADT/Twine.h" />
		<Unit filename="llvm/ADT/UniqueVector.h" />
		<Unit filename="llvm/ADT/ValueMap.h" />
		<Unit filename="llvm/ADT/VariadicFunction.h" />
		<Unit filename="llvm/ADT/edit_distance.h" />
		<Unit filename="llvm/ADT/ilist.h" />
		<Unit filename="llvm/ADT/ilist_node.h" />
		<Unit filename="llvm/ADT/polymorphic_ptr.h" />
		<Unit filename="llvm/Analysis/AliasAnalysis.h" />
		<Unit filename="llvm/Analysis/AliasSetTracker.h" />
		<Unit filename="llvm/Analysis/BlockFrequencyImpl.h" />
		<Unit filename="llvm/Analysis/BlockFrequencyInfo.h" />
		<Unit filename="llvm/Analysis/BranchProbabilityInfo.h" />
		<Unit filename="llvm/Analysis/CFG.h" />
		<Unit filename="llvm/Analysis/CFGPrinter.h" />
		<Unit filename="llvm/Analysis/CallGraph.h" />
		<Unit filename="llvm/Analysis/CallGraphSCCPass.h" />
		<Unit filename="llvm/Analysis/CallPrinter.h" />
		<Unit filename="llvm/Analysis/CaptureTracking.h" />
		<Unit filename="llvm/Analysis/CodeMetrics.h" />
		<Unit filename="llvm/Analysis/ConstantFolding.h" />
		<Unit filename="llvm/Analysis/ConstantsScanner.h" />
		<Unit filename="llvm/Analysis/DOTGraphTraitsPass.h" />
		<Unit filename="llvm/Analysis/DependenceAnalysis.h" />
		<Unit filename="llvm/Analysis/DomPrinter.h" />
		<Unit filename="llvm/Analysis/DominanceFrontier.h" />
		<Unit filename="llvm/Analysis/DominatorInternals.h" />
		<Unit filename="llvm/Analysis/Dominators.h" />
		<Unit filename="llvm/Analysis/FindUsedTypes.h" />
		<Unit filename="llvm/Analysis/IVUsers.h" />
		<Unit filename="llvm/Analysis/InlineCost.h" />
		<Unit filename="llvm/Analysis/InstructionSimplify.h" />
		<Unit filename="llvm/Analysis/Interval.h" />
		<Unit filename="llvm/Analysis/IntervalIterator.h" />
		<Unit filename="llvm/Analysis/IntervalPartition.h" />
		<Unit filename="llvm/Analysis/LazyValueInfo.h" />
		<Unit filename="llvm/Analysis/LibCallAliasAnalysis.h" />
		<Unit filename="llvm/Analysis/LibCallSemantics.h" />
		<Unit filename="llvm/Analysis/Lint.h" />
		<Unit filename="llvm/Analysis/Loads.h" />
		<Unit filename="llvm/Analysis/LoopInfo.h" />
		<Unit filename="llvm/Analysis/LoopInfoImpl.h" />
		<Unit filename="llvm/Analysis/LoopIterator.h" />
		<Unit filename="llvm/Analysis/LoopPass.h" />
		<Unit filename="llvm/Analysis/MemoryBuiltins.h" />
		<Unit filename="llvm/Analysis/MemoryDependenceAnalysis.h" />
		<Unit filename="llvm/Analysis/PHITransAddr.h" />
		<Unit filename="llvm/Analysis/Passes.h" />
		<Unit filename="llvm/Analysis/PostDominators.h" />
		<Unit filename="llvm/Analysis/PtrUseVisitor.h" />
		<Unit filename="llvm/Analysis/RegionInfo.h" />
		<Unit filename="llvm/Analysis/RegionIterator.h" />
		<Unit filename="llvm/Analysis/RegionPass.h" />
		<Unit filename="llvm/Analysis/RegionPrinter.h" />
		<Unit filename="llvm/Analysis/ScalarEvolution.h" />
		<Unit filename="llvm/Analysis/ScalarEvolutionExpander.h" />
		<Unit filename="llvm/Analysis/ScalarEvolutionExpressions.h" />
		<Unit filename="llvm/Analysis/ScalarEvolutionNormalization.h" />
		<Unit filename="llvm/Analysis/SparsePropagation.h" />
		<Unit filename="llvm/Analysis/TargetTransformInfo.h" />
		<Unit filename="llvm/Analysis/Trace.h" />
		<Unit filename="llvm/Analysis/ValueTracking.h" />
		<Unit filename="llvm/Analysis/Verifier.h" />
		<Unit filename="llvm/Assembly/AssemblyAnnotationWriter.h" />
		<Unit filename="llvm/Assembly/Parser.h" />
		<Unit filename="llvm/Assembly/PrintModulePass.h" />
		<Unit filename="llvm/Assembly/Writer.h" />
		<Unit filename="llvm/AutoUpgrade.h" />
		<Unit filename="llvm/Bitcode/BitCodes.h" />
		<Unit filename="llvm/Bitcode/BitstreamReader.h" />
		<Unit filename="llvm/Bitcode/BitstreamWriter.h" />
		<Unit filename="llvm/Bitcode/LLVMBitCodes.h" />
		<Unit filename="llvm/Bitcode/ReaderWriter.h" />
		<Unit filename="llvm/CodeGen/Analysis.h" />
		<Unit filename="llvm/CodeGen/AsmPrinter.h" />
		<Unit filename="llvm/CodeGen/CalcSpillWeights.h" />
		<Unit filename="llvm/CodeGen/CallingConvLower.h" />
		<Unit filename="llvm/CodeGen/CommandFlags.h" />
		<Unit filename="llvm/CodeGen/DAGCombine.h" />
		<Unit filename="llvm/CodeGen/DFAPacketizer.h" />
		<Unit filename="llvm/CodeGen/EdgeBundles.h" />
		<Unit filename="llvm/CodeGen/FastISel.h" />
		<Unit filename="llvm/CodeGen/FunctionLoweringInfo.h" />
		<Unit filename="llvm/CodeGen/GCMetadata.h" />
		<Unit filename="llvm/CodeGen/GCMetadataPrinter.h" />
		<Unit filename="llvm/CodeGen/GCStrategy.h" />
		<Unit filename="llvm/CodeGen/GCs.h" />
		<Unit filename="llvm/CodeGen/ISDOpcodes.h" />
		<Unit filename="llvm/CodeGen/IntrinsicLowering.h" />
		<Unit filename="llvm/CodeGen/JITCodeEmitter.h" />
		<Unit filename="llvm/CodeGen/LatencyPriorityQueue.h" />
		<Unit filename="llvm/CodeGen/LexicalScopes.h" />
		<Unit filename="llvm/CodeGen/LinkAllAsmWriterComponents.h" />
		<Unit filename="llvm/CodeGen/LinkAllCodegenComponents.h" />
		<Unit filename="llvm/CodeGen/LiveInterval.h" />
		<Unit filename="llvm/CodeGen/LiveIntervalAnalysis.h" />
		<Unit filename="llvm/CodeGen/LiveIntervalUnion.h" />
		<Unit filename="llvm/CodeGen/LiveRangeEdit.h" />
		<Unit filename="llvm/CodeGen/LiveRegMatrix.h" />
		<Unit filename="llvm/CodeGen/LiveRegUnits.h" />
		<Unit filename="llvm/CodeGen/LiveStackAnalysis.h" />
		<Unit filename="llvm/CodeGen/LiveVariables.h" />
		<Unit filename="llvm/CodeGen/MachORelocation.h" />
		<Unit filename="llvm/CodeGen/MachineBasicBlock.h" />
		<Unit filename="llvm/CodeGen/MachineBlockFrequencyInfo.h" />
		<Unit filename="llvm/CodeGen/MachineBranchProbabilityInfo.h" />
		<Unit filename="llvm/CodeGen/MachineCodeEmitter.h" />
		<Unit filename="llvm/CodeGen/MachineCodeInfo.h" />
		<Unit filename="llvm/CodeGen/MachineConstantPool.h" />
		<Unit filename="llvm/CodeGen/MachineDominators.h" />
		<Unit filename="llvm/CodeGen/MachineFrameInfo.h" />
		<Unit filename="llvm/CodeGen/MachineFunction.h" />
		<Unit filename="llvm/CodeGen/MachineFunctionAnalysis.h" />
		<Unit filename="llvm/CodeGen/MachineFunctionPass.h" />
		<Unit filename="llvm/CodeGen/MachineInstr.h" />
		<Unit filename="llvm/CodeGen/MachineInstrBuilder.h" />
		<Unit filename="llvm/CodeGen/MachineInstrBundle.h" />
		<Unit filename="llvm/CodeGen/MachineJumpTableInfo.h" />
		<Unit filename="llvm/CodeGen/MachineLoopInfo.h" />
		<Unit filename="llvm/CodeGen/MachineMemOperand.h" />
		<Unit filename="llvm/CodeGen/MachineModuleInfo.h" />
		<Unit filename="llvm/CodeGen/MachineModuleInfoImpls.h" />
		<Unit filename="llvm/CodeGen/MachineOperand.h" />
		<Unit filename="llvm/CodeGen/MachinePassRegistry.h" />
		<Unit filename="llvm/CodeGen/MachinePostDominators.h" />
		<Unit filename="llvm/CodeGen/MachineRegisterInfo.h" />
		<Unit filename="llvm/CodeGen/MachineRelocation.h" />
		<Unit filename="llvm/CodeGen/MachineSSAUpdater.h" />
		<Unit filename="llvm/CodeGen/MachineScheduler.h" />
		<Unit filename="llvm/CodeGen/MachineTraceMetrics.h" />
		<Unit filename="llvm/CodeGen/PBQP/Graph.h" />
		<Unit filename="llvm/CodeGen/PBQP/HeuristicBase.h" />
		<Unit filename="llvm/CodeGen/PBQP/HeuristicSolver.h" />
		<Unit filename="llvm/CodeGen/PBQP/Heuristics/Briggs.h" />
		<Unit filename="llvm/CodeGen/PBQP/Math.h" />
		<Unit filename="llvm/CodeGen/PBQP/Solution.h" />
		<Unit filename="llvm/CodeGen/Passes.h" />
		<Unit filename="llvm/CodeGen/PseudoSourceValue.h" />
		<Unit filename="llvm/CodeGen/RegAllocPBQP.h" />
		<Unit filename="llvm/CodeGen/RegAllocRegistry.h" />
		<Unit filename="llvm/CodeGen/RegisterClassInfo.h" />
		<Unit filename="llvm/CodeGen/RegisterPressure.h" />
		<Unit filename="llvm/CodeGen/RegisterScavenging.h" />
		<Unit filename="llvm/CodeGen/ResourcePriorityQueue.h" />
		<Unit filename="llvm/CodeGen/RuntimeLibcalls.h" />
		<Unit filename="llvm/CodeGen/ScheduleDAG.h" />
		<Unit filename="llvm/CodeGen/ScheduleDAGInstrs.h" />
		<Unit filename="llvm/CodeGen/ScheduleDFS.h" />
		<Unit filename="llvm/CodeGen/ScheduleHazardRecognizer.h" />
		<Unit filename="llvm/CodeGen/SchedulerRegistry.h" />
		<Unit filename="llvm/CodeGen/ScoreboardHazardRecognizer.h" />
		<Unit filename="llvm/CodeGen/SelectionDAG.h" />
		<Unit filename="llvm/CodeGen/SelectionDAGISel.h" />
		<Unit filename="llvm/CodeGen/SelectionDAGNodes.h" />
		<Unit filename="llvm/CodeGen/SlotIndexes.h" />
		<Unit filename="llvm/CodeGen/StackMaps.h" />
		<Unit filename="llvm/CodeGen/StackProtector.h" />
		<Unit filename="llvm/CodeGen/TargetLoweringObjectFileImpl.h" />
		<Unit filename="llvm/CodeGen/TargetSchedule.h" />
		<Unit filename="llvm/CodeGen/ValueTypes.h" />
		<Unit filename="llvm/CodeGen/VirtRegMap.h" />
		<Unit filename="llvm/DIBuilder.h" />
		<Unit filename="llvm/DebugInfo.h" />
		<Unit filename="llvm/DebugInfo/DIContext.h" />
		<Unit filename="llvm/DebugInfo/DWARFFormValue.h" />
		<Unit filename="llvm/ExecutionEngine/ExecutionEngine.h" />
		<Unit filename="llvm/ExecutionEngine/GenericValue.h" />
		<Unit filename="llvm/ExecutionEngine/Interpreter.h" />
		<Unit filename="llvm/ExecutionEngine/JIT.h" />
		<Unit filename="llvm/ExecutionEngine/JITEventListener.h" />
		<Unit filename="llvm/ExecutionEngine/JITMemoryManager.h" />
		<Unit filename="llvm/ExecutionEngine/MCJIT.h" />
		<Unit filename="llvm/ExecutionEngine/OProfileWrapper.h" />
		<Unit filename="llvm/ExecutionEngine/ObjectBuffer.h" />
		<Unit filename="llvm/ExecutionEngine/ObjectCache.h" />
		<Unit filename="llvm/ExecutionEngine/ObjectImage.h" />
		<Unit filename="llvm/ExecutionEngine/RTDyldMemoryManager.h" />
		<Unit filename="llvm/ExecutionEngine/RuntimeDyld.h" />
		<Unit filename="llvm/ExecutionEngine/SectionMemoryManager.h" />
		<Unit filename="llvm/GVMaterializer.h" />
		<Unit filename="llvm/IRReader/IRReader.h" />
		<Unit filename="llvm/IR/Argument.h" />
		<Unit filename="llvm/IR/Attributes.h" />
		<Unit filename="llvm/IR/BasicBlock.h" />
		<Unit filename="llvm/IR/CallingConv.h" />
		<Unit filename="llvm/IR/Constant.h" />
		<Unit filename="llvm/IR/Constants.h" />
		<Unit filename="llvm/IR/DataLayout.h" />
		<Unit filename="llvm/IR/DerivedTypes.h" />
		<Unit filename="llvm/IR/Function.h" />
		<Unit filename="llvm/IR/GlobalAlias.h" />
		<Unit filename="llvm/IR/GlobalValue.h" />
		<Unit filename="llvm/IR/GlobalVariable.h" />
		<Unit filename="llvm/IR/IRBuilder.h" />
		<Unit filename="llvm/IR/InlineAsm.h" />
		<Unit filename="llvm/IR/InstrTypes.h" />
		<Unit filename="llvm/IR/Instruction.h" />
		<Unit filename="llvm/IR/Instructions.h" />
		<Unit filename="llvm/IR/IntrinsicInst.h" />
		<Unit filename="llvm/IR/Intrinsics.h" />
		<Unit filename="llvm/IR/LLVMContext.h" />
		<Unit filename="llvm/IR/LegacyPassManager.h" />
		<Unit filename="llvm/IR/LegacyPassManagers.h" />
		<Unit filename="llvm/IR/MDBuilder.h" />
		<Unit filename="llvm/IR/Metadata.h" />
		<Unit filename="llvm/IR/Module.h" />
		<Unit filename="llvm/IR/OperandTraits.h" />
		<Unit filename="llvm/IR/Operator.h" />
		<Unit filename="llvm/IR/PassManager.h" />
		<Unit filename="llvm/IR/SymbolTableListTraits.h" />
		<Unit filename="llvm/IR/Type.h" />
		<Unit filename="llvm/IR/TypeBuilder.h" />
		<Unit filename="llvm/IR/TypeFinder.h" />
		<Unit filename="llvm/IR/Use.h" />
		<Unit filename="llvm/IR/User.h" />
		<Unit filename="llvm/IR/Value.h" />
		<Unit filename="llvm/IR/ValueSymbolTable.h" />
		<Unit filename="llvm/InitializePasses.h" />
		<Unit filename="llvm/InstVisitor.h" />
		<Unit filename="llvm/LTO/LTOCodeGenerator.h" />
		<Unit filename="llvm/LTO/LTOModule.h" />
		<Unit filename="llvm/LinkAllIR.h" />
		<Unit filename="llvm/LinkAllPasses.h" />
		<Unit filename="llvm/Linker.h" />
		<Unit filename="llvm/MC/MCAsmBackend.h" />
		<Unit filename="llvm/MC/MCAsmInfo.h" />
		<Unit filename="llvm/MC/MCAsmInfoCOFF.h" />
		<Unit filename="llvm/MC/MCAsmInfoDarwin.h" />
		<Unit filename="llvm/MC/MCAsmInfoELF.h" />
		<Unit filename="llvm/MC/MCAsmLayout.h" />
		<Unit filename="llvm/MC/MCAssembler.h" />
		<Unit filename="llvm/MC/MCAtom.h" />
		<Unit filename="llvm/MC/MCCodeEmitter.h" />
		<Unit filename="llvm/MC/MCCodeGenInfo.h" />
		<Unit filename="llvm/MC/MCContext.h" />
		<Unit filename="llvm/MC/MCDirectives.h" />
		<Unit filename="llvm/MC/MCDisassembler.h" />
		<Unit filename="llvm/MC/MCDwarf.h" />
		<Unit filename="llvm/MC/MCELF.h" />
		<Unit filename="llvm/MC/MCELFObjectWriter.h" />
		<Unit filename="llvm/MC/MCELFStreamer.h" />
		<Unit filename="llvm/MC/MCELFSymbolFlags.h" />
		<Unit filename="llvm/MC/MCExpr.h" />
		<Unit filename="llvm/MC/MCExternalSymbolizer.h" />
		<Unit filename="llvm/MC/MCFixedLenDisassembler.h" />
		<Unit filename="llvm/MC/MCFixup.h" />
		<Unit filename="llvm/MC/MCFixupKindInfo.h" />
		<Unit filename="llvm/MC/MCFunction.h" />
		<Unit filename="llvm/MC/MCInst.h" />
		<Unit filename="llvm/MC/MCInstBuilder.h" />
		<Unit filename="llvm/MC/MCInstPrinter.h" />
		<Unit filename="llvm/MC/MCInstrAnalysis.h" />
		<Unit filename="llvm/MC/MCInstrDesc.h" />
		<Unit filename="llvm/MC/MCInstrInfo.h" />
		<Unit filename="llvm/MC/MCInstrItineraries.h" />
		<Unit filename="llvm/MC/MCLabel.h" />
		<Unit filename="llvm/MC/MCMachOSymbolFlags.h" />
		<Unit filename="llvm/MC/MCMachObjectWriter.h" />
		<Unit filename="llvm/MC/MCModule.h" />
		<Unit filename="llvm/MC/MCModuleYAML.h" />
		<Unit filename="llvm/MC/MCObjectDisassembler.h" />
		<Unit filename="llvm/MC/MCObjectFileInfo.h" />
		<Unit filename="llvm/MC/MCObjectStreamer.h" />
		<Unit filename="llvm/MC/MCObjectSymbolizer.h" />
		<Unit filename="llvm/MC/MCObjectWriter.h" />
		<Unit filename="llvm/MC/MCParser/AsmCond.h" />
		<Unit filename="llvm/MC/MCParser/AsmLexer.h" />
		<Unit filename="llvm/MC/MCParser/MCAsmLexer.h" />
		<Unit filename="llvm/MC/MCParser/MCAsmParser.h" />
		<Unit filename="llvm/MC/MCParser/MCAsmParserExtension.h" />
		<Unit filename="llvm/MC/MCParser/MCParsedAsmOperand.h" />
		<Unit filename="llvm/MC/MCRegisterInfo.h" />
		<Unit filename="llvm/MC/MCRelocationInfo.h" />
		<Unit filename="llvm/MC/MCSchedule.h" />
		<Unit filename="llvm/MC/MCSection.h" />
		<Unit filename="llvm/MC/MCSectionCOFF.h" />
		<Unit filename="llvm/MC/MCSectionELF.h" />
		<Unit filename="llvm/MC/MCSectionMachO.h" />
		<Unit filename="llvm/MC/MCStreamer.h" />
		<Unit filename="llvm/MC/MCSubtargetInfo.h" />
		<Unit filename="llvm/MC/MCSymbol.h" />
		<Unit filename="llvm/MC/MCSymbolizer.h" />
		<Unit filename="llvm/MC/MCTargetAsmParser.h" />
		<Unit filename="llvm/MC/MCValue.h" />
		<Unit filename="llvm/MC/MCWin64EH.h" />
		<Unit filename="llvm/MC/MCWinCOFFObjectWriter.h" />
		<Unit filename="llvm/MC/MachineLocation.h" />
		<Unit filename="llvm/MC/SectionKind.h" />
		<Unit filename="llvm/MC/SubtargetFeature.h" />
		<Unit filename="llvm/Object/Archive.h" />
		<Unit filename="llvm/Object/Binary.h" />
		<Unit filename="llvm/Object/COFF.h" />
		<Unit filename="llvm/Object/COFFYAML.h" />
		<Unit filename="llvm/Object/ELF.h" />
		<Unit filename="llvm/Object/ELFObjectFile.h" />
		<Unit filename="llvm/Object/ELFTypes.h" />
		<Unit filename="llvm/Object/ELFYAML.h" />
		<Unit filename="llvm/Object/Error.h" />
		<Unit filename="llvm/Object/MachO.h" />
		<Unit filename="llvm/Object/MachOUniversal.h" />
		<Unit filename="llvm/Object/ObjectFile.h" />
		<Unit filename="llvm/Object/RelocVisitor.h" />
		<Unit filename="llvm/Object/YAML.h" />
		<Unit filename="llvm/Option/Arg.h" />
		<Unit filename="llvm/Option/ArgList.h" />
		<Unit filename="llvm/Option/OptSpecifier.h" />
		<Unit filename="llvm/Option/OptTable.h" />
		<Unit filename="llvm/Option/Option.h" />
		<Unit filename="llvm/Pass.h" />
		<Unit filename="llvm/PassAnalysisSupport.h" />
		<Unit filename="llvm/PassManager.h" />
		<Unit filename="llvm/PassRegistry.h" />
		<Unit filename="llvm/PassSupport.h" />
		<Unit filename="llvm/Support/AIXDataTypesFix.h" />
		<Unit filename="llvm/Support/AlignOf.h" />
		<Unit filename="llvm/Support/Allocator.h" />
		<Unit filename="llvm/Support/ArrayRecycler.h" />
		<Unit filename="llvm/Support/Atomic.h" />
		<Unit filename="llvm/Support/BlockFrequency.h" />
		<Unit filename="llvm/Support/BranchProbability.h" />
		<Unit filename="llvm/Support/CBindingWrapping.h" />
		<Unit filename="llvm/Support/CFG.h" />
		<Unit filename="llvm/Support/COFF.h" />
		<Unit filename="llvm/Support/CallSite.h" />
		<Unit filename="llvm/Support/Capacity.h" />
		<Unit filename="llvm/Support/Casting.h" />
		<Unit filename="llvm/Support/CodeGen.h" />
		<Unit filename="llvm/Support/CommandLine.h" />
		<Unit filename="llvm/Support/Compiler.h" />
		<Unit filename="llvm/Support/Compression.h" />
		<Unit filename="llvm/Support/ConstantFolder.h" />
		<Unit filename="llvm/Support/ConstantRange.h" />
		<Unit filename="llvm/Support/ConvertUTF.h" />
		<Unit filename="llvm/Support/CrashRecoveryContext.h" />
		<Unit filename="llvm/Support/DOTGraphTraits.h" />
		<Unit filename="llvm/Support/DataExtractor.h" />
		<Unit filename="llvm/Support/DataFlow.h" />
		<Unit filename="llvm/Support/DataStream.h" />
		<Unit filename="llvm/Support/Debug.h" />
		<Unit filename="llvm/Support/DebugLoc.h" />
		<Unit filename="llvm/Support/Disassembler.h" />
		<Unit filename="llvm/Support/Dwarf.h" />
		<Unit filename="llvm/Support/DynamicLibrary.h" />
		<Unit filename="llvm/Support/ELF.h" />
		<Unit filename="llvm/Support/Endian.h" />
		<Unit filename="llvm/Support/Errno.h" />
		<Unit filename="llvm/Support/ErrorHandling.h" />
		<Unit filename="llvm/Support/ErrorOr.h" />
		<Unit filename="llvm/Support/FEnv.h" />
		<Unit filename="llvm/Support/FileOutputBuffer.h" />
		<Unit filename="llvm/Support/FileSystem.h" />
		<Unit filename="llvm/Support/FileUtilities.h" />
		<Unit filename="llvm/Support/Format.h" />
		<Unit filename="llvm/Support/FormattedStream.h" />
		<Unit filename="llvm/Support/GCOV.h" />
		<Unit filename="llvm/Support/GetElementPtrTypeIterator.h" />
		<Unit filename="llvm/Support/GraphWriter.h" />
		<Unit filename="llvm/Support/Host.h" />
		<Unit filename="llvm/Support/IncludeFile.h" />
		<Unit filename="llvm/Support/InstIterator.h" />
		<Unit filename="llvm/Support/LEB128.h" />
		<Unit filename="llvm/Support/LeakDetector.h" />
		<Unit filename="llvm/Support/Locale.h" />
		<Unit filename="llvm/Support/LockFileManager.h" />
		<Unit filename="llvm/Support/MD5.h" />
		<Unit filename="llvm/Support/MachO.h" />
		<Unit filename="llvm/Support/ManagedStatic.h" />
		<Unit filename="llvm/Support/MathExtras.h" />
		<Unit filename="llvm/Support/Memory.h" />
		<Unit filename="llvm/Support/MemoryBuffer.h" />
		<Unit filename="llvm/Support/MemoryObject.h" />
		<Unit filename="llvm/Support/Mutex.h" />
		<Unit filename="llvm/Support/MutexGuard.h" />
		<Unit filename="llvm/Support/NoFolder.h" />
		<Unit filename="llvm/Support/OutputBuffer.h" />
		<Unit filename="llvm/Support/PassNameParser.h" />
		<Unit filename="llvm/Support/Path.h" />
		<Unit filename="llvm/Support/PatternMatch.h" />
		<Unit filename="llvm/Support/PluginLoader.h" />
		<Unit filename="llvm/Support/PointerLikeTypeTraits.h" />
		<Unit filename="llvm/Support/PredIteratorCache.h" />
		<Unit filename="llvm/Support/PrettyStackTrace.h" />
		<Unit filename="llvm/Support/Process.h" />
		<Unit filename="llvm/Support/Program.h" />
		<Unit filename="llvm/Support/RWMutex.h" />
		<Unit filename="llvm/Support/Recycler.h" />
		<Unit filename="llvm/Support/RecyclingAllocator.h" />
		<Unit filename="llvm/Support/Regex.h" />
		<Unit filename="llvm/Support/Registry.h" />
		<Unit filename="llvm/Support/RegistryParser.h" />
		<Unit filename="llvm/Support/SMLoc.h" />
		<Unit filename="llvm/Support/SaveAndRestore.h" />
		<Unit filename="llvm/Support/Signals.h" />
		<Unit filename="llvm/Support/Solaris.h" />
		<Unit filename="llvm/Support/SourceMgr.h" />
		<Unit filename="llvm/Support/StreamableMemoryObject.h" />
		<Unit filename="llvm/Support/StringPool.h" />
		<Unit filename="llvm/Support/StringRefMemoryObject.h" />
		<Unit filename="llvm/Support/SwapByteOrder.h" />
		<Unit filename="llvm/Support/SystemUtils.h" />
		<Unit filename="llvm/Support/TargetFolder.h" />
		<Unit filename="llvm/Support/TargetRegistry.h" />
		<Unit filename="llvm/Support/TargetSelect.h" />
		<Unit filename="llvm/Support/ThreadLocal.h" />
		<Unit filename="llvm/Support/Threading.h" />
		<Unit filename="llvm/Support/TimeValue.h" />
		<Unit filename="llvm/Support/Timer.h" />
		<Unit filename="llvm/Support/ToolOutputFile.h" />
		<Unit filename="llvm/Support/Unicode.h" />
		<Unit filename="llvm/Support/UnicodeCharRanges.h" />
		<Unit filename="llvm/Support/Valgrind.h" />
		<Unit filename="llvm/Support/ValueHandle.h" />
		<Unit filename="llvm/Support/Watchdog.h" />
		<Unit filename="llvm/Support/Win64EH.h" />
		<Unit filename="llvm/Support/YAMLParser.h" />
		<Unit filename="llvm/Support/YAMLTraits.h" />
		<Unit filename="llvm/Support/circular_raw_ostream.h" />
		<Unit filename="llvm/Support/raw_os_ostream.h" />
		<Unit filename="llvm/Support/raw_ostream.h" />
		<Unit filename="llvm/Support/system_error.h" />
		<Unit filename="llvm/Support/type_traits.h" />
		<Unit filename="llvm/TableGen/Error.h" />
		<Unit filename="llvm/TableGen/Main.h" />
		<Unit filename="llvm/TableGen/Record.h" />
		<Unit filename="llvm/TableGen/StringMatcher.h" />
		<Unit filename="llvm/TableGen/StringToOffsetTable.h" />
		<Unit filename="llvm/TableGen/TableGenBackend.h" />
		<Unit filename="llvm/Target/CostTable.h" />
		<Unit filename="llvm/Target/Mangler.h" />
		<Unit filename="llvm/Target/TargetCallingConv.h" />
		<Unit filename="llvm/Target/TargetFrameLowering.h" />
		<Unit filename="llvm/Target/TargetInstrInfo.h" />
		<Unit filename="llvm/Target/TargetIntrinsicInfo.h" />
		<Unit filename="llvm/Target/TargetJITInfo.h" />
		<Unit filename="llvm/Target/TargetLibraryInfo.h" />
		<Unit filename="llvm/Target/TargetLowering.h" />
		<Unit filename="llvm/Target/TargetLoweringObjectFile.h" />
		<Unit filename="llvm/Target/TargetMachine.h" />
		<Unit filename="llvm/Target/TargetOpcodes.h" />
		<Unit filename="llvm/Target/TargetOptions.h" />
		<Unit filename="llvm/Target/TargetRegisterInfo.h" />
		<Unit filename="llvm/Target/TargetSelectionDAGInfo.h" />
		<Unit filename="llvm/Target/TargetSubtargetInfo.h" />
		<Unit filename="llvm/Transforms/IPO.h" />
		<Unit filename="llvm/Transforms/IPO/InlinerPass.h" />
		<Unit filename="llvm/Transforms/IPO/PassManagerBuilder.h" />
		<Unit filename="llvm/Transforms/Instrumentation.h" />
		<Unit filename="llvm/Transforms/ObjCARC.h" />
		<Unit filename="llvm/Transforms/Scalar.h" />
		<Unit filename="llvm/Transforms/Utils/BasicBlockUtils.h" />
		<Unit filename="llvm/Transforms/Utils/BuildLibCalls.h" />
		<Unit filename="llvm/Transforms/Utils/BypassSlowDivision.h" />
		<Unit filename="llvm/Transforms/Utils/Cloning.h" />
		<Unit filename="llvm/Transforms/Utils/CmpInstAnalysis.h" />
		<Unit filename="llvm/Transforms/Utils/CodeExtractor.h" />
		<Unit filename="llvm/Transforms/Utils/GlobalStatus.h" />
		<Unit filename="llvm/Transforms/Utils/IntegerDivision.h" />
		<Unit filename="llvm/Transforms/Utils/Local.h" />
		<Unit filename="llvm/Transforms/Utils/LoopUtils.h" />
		<Unit filename="llvm/Transforms/Utils/ModuleUtils.h" />
		<Unit filename="llvm/Transforms/Utils/PromoteMemToReg.h" />
		<Unit filename="llvm/Transforms/Utils/SSAUpdater.h" />
		<Unit filename="llvm/Transforms/Utils/SSAUpdaterImpl.h" />
		<Unit filename="llvm/Transforms/Utils/SimplifyIndVar.h" />
		<Unit filename="llvm/Transforms/Utils/SimplifyLibCalls.h" />
		<Unit filename="llvm/Transforms/Utils/SpecialCaseList.h" />
		<Unit filename="llvm/Transforms/Utils/UnifyFunctionExitNodes.h" />
		<Unit filename="llvm/Transforms/Utils/UnrollLoop.h" />
		<Unit filename="llvm/Transforms/Utils/ValueMapper.h" />
		<Unit filename="llvm/Transforms/Vectorize.h" />
		<Unit filename="main.cpp" />
		<Unit filename="parser.cpp" />
		<Unit filename="tokens.cpp" />
		<Extensions>
			<code_completion />
			<envvars />
			<debugger />
			<lib_finder disable_auto="1" />
		</Extensions>
	</Project>
</CodeBlocks_project_file>
